
Microsoft Visual Studio Solution File, Format Version 12.00
# Visual Studio 15
VisualStudioVersion = 15.0.28010.2003
MinimumVisualStudioVersion = 10.0.40219.1
Project("{8BC9CEB8-8B4A-11D0-8D11-00A0C91BC942}") = "CH2OverFlow", "Demos\Demos.vcxproj", "{77EFFF67-2939-40A9-859B-C24B7753D7F0}"
EndProject
Project("{8BC9CEB8-8B4A-11D0-8D11-00A0C91BC942}") = "CH1_SizeOf", "SizeOf\SizeOf.vcxproj", "{81413321-C5E3-409B-BB73-6C3889B897E7}"
EndProject
Project("{8BC9CEB8-8B4A-11D0-8D11-00A0C91BC942}") = "CH2InClass-RestaurantCheck", "CH2InClass\CH2InClass.vcxproj", "{1E907E10-52B3-41A6-AA4A-65F021BFE234}"
EndProject
Project("{8BC9CEB8-8B4A-11D0-8D11-00A0C91BC942}") = "___Scratch", "___Scratch\___Scratch.vcxproj", "{BE883440-3EB5-49F6-8E2E-CB007908F4DB}"
EndProject
Project("{8BC9CEB8-8B4A-11D0-8D11-00A0C91BC942}") = "CH2MyCppTemplate", "MyCppTemplate\MyCppTemplate.vcxproj", "{B4F0E164-0EBE-43E8-84EF-EBDC11F78DD0}"
EndProject
Project("{8BC9CEB8-8B4A-11D0-8D11-00A0C91BC942}") = "CH1VariablesAndDataTypes", "VariablesAndDataTypes\VariablesAndDataTypes.vcxproj", "{76AD7A7E-28D4-4A4E-8FCD-B5E7429DD3C5}"
EndProject
Project("{8BC9CEB8-8B4A-11D0-8D11-00A0C91BC942}") = "CH2RectangleArea", "RectangleArea\RectangleArea\RectangleArea.vcxproj", "{D2E86721-1715-4193-B019-C74B34795088}"
EndProject
Project("{8BC9CEB8-8B4A-11D0-8D11-00A0C91BC942}") = "CH2BadStyle", "BadStyle\BadStyle\BadStyle.vcxproj", "{49320EA8-1F67-4DC4-8AE0-764E0FBA1151}"
EndProject
Project("{8BC9CEB8-8B4A-11D0-8D11-00A0C91BC942}") = "CH2PG145_7_MovieTickets", "PG145_7_MovieTickets\PG145_7_MovieTickets.vcxproj", "{760843C7-85B1-4949-A4D2-CEF87E63B94F}"
EndProject
Project("{8BC9CEB8-8B4A-11D0-8D11-00A0C91BC942}") = "CH3RandomNumbers", "RandomNumbers\RandomNumbers.vcxproj", "{0351B1DB-EF5F-4D76-8EE1-941631233B32}"
EndProject
Project("{8BC9CEB8-8B4A-11D0-8D11-00A0C91BC942}") = "CH3CoutFormatting", "CoutFormatting\CoutFormatting.vcxproj", "{96064B4D-3022-48D0-A108-9BF4D24918DB}"
EndProject
Project("{8BC9CEB8-8B4A-11D0-8D11-00A0C91BC942}") = "CH2InClass-CalculateAverage", "CH2InClass-CalculateAverage\CH2InClass-CalculateAverage.vcxproj", "{ACF3E7BC-6F74-4C6A-A937-EECA10D38FF6}"
EndProject
Project("{8BC9CEB8-8B4A-11D0-8D11-00A0C91BC942}") = "CH3PG147_19_Mortgage", "CH3PG147_19\CH3PG147_19.vcxproj", "{1D076465-9116-48DC-ABB9-EA11929D980A}"
EndProject
Project("{8BC9CEB8-8B4A-11D0-8D11-00A0C91BC942}") = "CH3Pg148_23_Stock", "CH3Pg148_23_Stock\CH3Pg148_23_Stock.vcxproj", "{67AF52FF-5BC4-4CBC-A3AC-54807634DE91}"
EndProject
Project("{8BC9CEB8-8B4A-11D0-8D11-00A0C91BC942}") = "CH13_Prg13-1_Pg732", "CH13_Prg13-1_Pg732\CH13_Prg13-1_Pg732.vcxproj", "{C7AFCD15-AEF5-4101-B5C2-565079686510}"
EndProject
Project("{8BC9CEB8-8B4A-11D0-8D11-00A0C91BC942}") = "CH4InClass_Pg222_1", "CH4_PG222_1\CH4_PG222_1.vcxproj", "{D601D1EE-BDAA-4B39-8256-CFCA40D36A51}"
EndProject
Project("{8BC9CEB8-8B4A-11D0-8D11-00A0C91BC942}") = "CH4InClass_Pg222_4", "CH4_Pg222_4\CH4_Pg222_4.vcxproj", "{EAD5A144-37D0-49C6-A31B-DCB74A6B0BE1}"
EndProject
Project("{8BC9CEB8-8B4A-11D0-8D11-00A0C91BC942}") = "CH4_Pg179_4-13IfElseIf", "CH4_Pg179_4-13\CH4_Pg179_4-13.vcxproj", "{0CDE2A4A-6310-4E40-ABD1-69D0AB446438}"
EndProject
Project("{8BC9CEB8-8B4A-11D0-8D11-00A0C91BC942}") = "CH4_LogicalOperators", "CH4_LogicalOperators\CH4_LogicalOperators.vcxproj", "{B2A32BC0-9E05-4BF8-BB8E-295DB1EEDF7A}"
EndProject
Project("{8BC9CEB8-8B4A-11D0-8D11-00A0C91BC942}") = "CH4_Pg193_4-18Menus", "CH4_Pg193_4-18Menus\CH4_Pg193_4-18Menus.vcxproj", "{5DFC5A03-C181-4D1C-98EB-FBC32DA3FE2A}"
EndProject
Project("{8BC9CEB8-8B4A-11D0-8D11-00A0C91BC942}") = "CH4_Pg199_4-21IfCharsStrings", "Ch4__Pg199_4-21IfCharsStrings\Ch4__Pg199_4-21IfCharsStrings.vcxproj", "{FE5B8CE2-361F-475C-825F-D4005942E23E}"
EndProject
Project("{8BC9CEB8-8B4A-11D0-8D11-00A0C91BC942}") = "CH4_CharsAndStrings", "CH4_CharsAndStrings\CH4_CharsAndStrings.vcxproj", "{9E0BC78D-6CEF-4AFB-98D3-89B822A74850}"
EndProject
Project("{8BC9CEB8-8B4A-11D0-8D11-00A0C91BC942}") = "CH4_4.31_Switch", "CH4_4.31_Switch\CH4_4.31_Switch.vcxproj", "{F1A066B5-4A5B-4C5F-8460-13DEE00C3D95}"
EndProject
Project("{8BC9CEB8-8B4A-11D0-8D11-00A0C91BC942}") = "CH4_VariableScope", "CH4_VariableScope\CH4_VariableScope.vcxproj", "{3FBF0573-F77B-4891-A45B-31596AE70E3B}"
EndProject
Project("{8BC9CEB8-8B4A-11D0-8D11-00A0C91BC942}") = "CH4_DebuggerRefresher", "CH4_DebuggerRefresher\CH4_DebuggerRefresher.vcxproj", "{EFE820FF-868F-4DC3-B34F-1318B7BB149C}"
EndProject
Project("{8BC9CEB8-8B4A-11D0-8D11-00A0C91BC942}") = "CH4_InClass_Payroll", "CH4_InClass_Payroll\CH4_InClass_Payroll.vcxproj", "{F7ED3B56-1912-460F-A376-BA1B56CB524D}"
EndProject
Project("{8BC9CEB8-8B4A-11D0-8D11-00A0C91BC942}") = "CH5_SimpleLoops", "CH5_Pg243_SimpleWhile\CH5_Pg243_SimpleWhile.vcxproj", "{80008FFA-43B4-4DE5-AD46-FF1044BBD00D}"
EndProject
Project("{8BC9CEB8-8B4A-11D0-8D11-00A0C91BC942}") = "CH5_FileOps", "CH7_FileOps\CH7_FileOps.vcxproj", "{E9F26355-5304-4562-A2F3-6C1595D6D173}"
EndProject
Project("{8BC9CEB8-8B4A-11D0-8D11-00A0C91BC942}") = "CH5_7_Pg298_PenniesForPay", "CH7_7_Pg298\CH7_7_Pg298.vcxproj", "{A2B7C235-05B9-4766-8AB9-97F2F40B6028}"
EndProject
Project("{8BC9CEB8-8B4A-11D0-8D11-00A0C91BC942}") = "CH5_Pg267_NestedLoop", "CH5_Pg267_NestedLoop\CH5_Pg267_NestedLoop.vcxproj", "{0A9002F0-2A84-4EC9-8B65-AC69663C342B}"
EndProject
Project("{8BC9CEB8-8B4A-11D0-8D11-00A0C91BC942}") = "CH7_Homework", "Ch7_Homework\Ch7_Homework.vcxproj", "{E3A81C78-D4A6-4CDB-A38A-94D9616564E5}"
EndProject
Project("{8BC9CEB8-8B4A-11D0-8D11-00A0C91BC942}") = "CH6_Functions", "CH6_Functions\CH6_Functions.vcxproj", "{EE9CA6D4-2AFE-4A49-82F1-611B6F59E1A9}"
EndProject
Project("{8BC9CEB8-8B4A-11D0-8D11-00A0C91BC942}") = "CH6_InClass", "CH6_InClass\CH6_InClass.vcxproj", "{03A5D61C-8359-4B57-B5F2-F0B0A3E49C62}"
EndProject
Project("{8BC9CEB8-8B4A-11D0-8D11-00A0C91BC942}") = "CH6_Homework", "CH6_Homework\CH6_Homework.vcxproj", "{690FFDE0-F6A1-4C49-A93B-0FF407D755DF}"
EndProject
Project("{8BC9CEB8-8B4A-11D0-8D11-00A0C91BC942}") = "CH6_VariablesArguments", "CH6_LocalsAndGlobals\CH6_LocalsAndGlobals.vcxproj", "{9597E70B-C7CF-40D2-9565-C9D91114D386}"
EndProject
Project("{8BC9CEB8-8B4A-11D0-8D11-00A0C91BC942}") = "PQ_CH05_Loop", "PQ_10_ForLoop\PQ_10_ForLoop.vcxproj", "{73CB195E-3D1D-4292-AEA3-3684651CC25A}"
EndProject
Project("{8BC9CEB8-8B4A-11D0-8D11-00A0C91BC942}") = "CH6_Pg274_7_TempConvert", "CH6_Pg274_7_TempConvert\CH6_Pg274_7_TempConvert.vcxproj", "{9443B535-B895-4199-A0E4-75A178648C04}"
EndProject
Project("{8BC9CEB8-8B4A-11D0-8D11-00A0C91BC942}") = "PQ_CH06_FunctionWithReferenceVars", "PQ_CH06_FunctionWithReferenceVars\PQ_CH06_FunctionWithReferenceVars.vcxproj", "{49542230-B9EA-4484-B137-5878C3A14E9F}"
EndProject
Project("{8BC9CEB8-8B4A-11D0-8D11-00A0C91BC942}") = "CH7_SimpleArrays", "CH07_Pg454_Prg01\CH07_Pg454_Prg01.vcxproj", "{FD15A9B8-273F-48DC-B874-C8AFB90B1704}"
EndProject
Project("{8BC9CEB8-8B4A-11D0-8D11-00A0C91BC942}") = "CH7_ProjectStart", "CH7_ProjectStart\CH7_ProjectStart.vcxproj", "{B27A5612-5424-4359-9FE8-5186858BCD7E}"
EndProject
Project("{8BC9CEB8-8B4A-11D0-8D11-00A0C91BC942}") = "CH99_BubbleSort", "CH99_BubbleSort\CH99_BubbleSort.vcxproj", "{993CA006-90E7-4468-B682-CCCA3A2CECEE}"
EndProject
Project("{8BC9CEB8-8B4A-11D0-8D11-00A0C91BC942}") = "CH99_BinarySearch", "CH99_BinarySearch\CH99_BinarySearch.vcxproj", "{769F3C8F-3F08-4DBF-939B-0D0E12A161F1}"
EndProject
Global
	GlobalSection(SolutionConfigurationPlatforms) = preSolution
		Debug|x64 = Debug|x64
		Debug|x86 = Debug|x86
		Release|x64 = Release|x64
		Release|x86 = Release|x86
	EndGlobalSection
	GlobalSection(ProjectConfigurationPlatforms) = postSolution
		{77EFFF67-2939-40A9-859B-C24B7753D7F0}.Debug|x64.ActiveCfg = Debug|x64
		{77EFFF67-2939-40A9-859B-C24B7753D7F0}.Debug|x64.Build.0 = Debug|x64
		{77EFFF67-2939-40A9-859B-C24B7753D7F0}.Debug|x86.ActiveCfg = Debug|Win32
		{77EFFF67-2939-40A9-859B-C24B7753D7F0}.Debug|x86.Build.0 = Debug|Win32
		{77EFFF67-2939-40A9-859B-C24B7753D7F0}.Release|x64.ActiveCfg = Release|x64
		{77EFFF67-2939-40A9-859B-C24B7753D7F0}.Release|x64.Build.0 = Release|x64
		{77EFFF67-2939-40A9-859B-C24B7753D7F0}.Release|x86.ActiveCfg = Release|Win32
		{77EFFF67-2939-40A9-859B-C24B7753D7F0}.Release|x86.Build.0 = Release|Win32
		{81413321-C5E3-409B-BB73-6C3889B897E7}.Debug|x64.ActiveCfg = Debug|x64
		{81413321-C5E3-409B-BB73-6C3889B897E7}.Debug|x64.Build.0 = Debug|x64
		{81413321-C5E3-409B-BB73-6C3889B897E7}.Debug|x86.ActiveCfg = Debug|Win32
		{81413321-C5E3-409B-BB73-6C3889B897E7}.Debug|x86.Build.0 = Debug|Win32
		{81413321-C5E3-409B-BB73-6C3889B897E7}.Release|x64.ActiveCfg = Release|x64
		{81413321-C5E3-409B-BB73-6C3889B897E7}.Release|x64.Build.0 = Release|x64
		{81413321-C5E3-409B-BB73-6C3889B897E7}.Release|x86.ActiveCfg = Release|Win32
		{81413321-C5E3-409B-BB73-6C3889B897E7}.Release|x86.Build.0 = Release|Win32
		{1E907E10-52B3-41A6-AA4A-65F021BFE234}.Debug|x64.ActiveCfg = Debug|x64
		{1E907E10-52B3-41A6-AA4A-65F021BFE234}.Debug|x64.Build.0 = Debug|x64
		{1E907E10-52B3-41A6-AA4A-65F021BFE234}.Debug|x86.ActiveCfg = Debug|Win32
		{1E907E10-52B3-41A6-AA4A-65F021BFE234}.Debug|x86.Build.0 = Debug|Win32
		{1E907E10-52B3-41A6-AA4A-65F021BFE234}.Release|x64.ActiveCfg = Release|x64
		{1E907E10-52B3-41A6-AA4A-65F021BFE234}.Release|x64.Build.0 = Release|x64
		{1E907E10-52B3-41A6-AA4A-65F021BFE234}.Release|x86.ActiveCfg = Release|Win32
		{1E907E10-52B3-41A6-AA4A-65F021BFE234}.Release|x86.Build.0 = Release|Win32
		{BE883440-3EB5-49F6-8E2E-CB007908F4DB}.Debug|x64.ActiveCfg = Debug|x64
		{BE883440-3EB5-49F6-8E2E-CB007908F4DB}.Debug|x64.Build.0 = Debug|x64
		{BE883440-3EB5-49F6-8E2E-CB007908F4DB}.Debug|x86.ActiveCfg = Debug|Win32
		{BE883440-3EB5-49F6-8E2E-CB007908F4DB}.Debug|x86.Build.0 = Debug|Win32
		{BE883440-3EB5-49F6-8E2E-CB007908F4DB}.Release|x64.ActiveCfg = Release|x64
		{BE883440-3EB5-49F6-8E2E-CB007908F4DB}.Release|x64.Build.0 = Release|x64
		{BE883440-3EB5-49F6-8E2E-CB007908F4DB}.Release|x86.ActiveCfg = Release|Win32
		{BE883440-3EB5-49F6-8E2E-CB007908F4DB}.Release|x86.Build.0 = Release|Win32
		{B4F0E164-0EBE-43E8-84EF-EBDC11F78DD0}.Debug|x64.ActiveCfg = Debug|x64
		{B4F0E164-0EBE-43E8-84EF-EBDC11F78DD0}.Debug|x64.Build.0 = Debug|x64
		{B4F0E164-0EBE-43E8-84EF-EBDC11F78DD0}.Debug|x86.ActiveCfg = Debug|Win32
		{B4F0E164-0EBE-43E8-84EF-EBDC11F78DD0}.Debug|x86.Build.0 = Debug|Win32
		{B4F0E164-0EBE-43E8-84EF-EBDC11F78DD0}.Release|x64.ActiveCfg = Release|x64
		{B4F0E164-0EBE-43E8-84EF-EBDC11F78DD0}.Release|x64.Build.0 = Release|x64
		{B4F0E164-0EBE-43E8-84EF-EBDC11F78DD0}.Release|x86.ActiveCfg = Release|Win32
		{B4F0E164-0EBE-43E8-84EF-EBDC11F78DD0}.Release|x86.Build.0 = Release|Win32
		{76AD7A7E-28D4-4A4E-8FCD-B5E7429DD3C5}.Debug|x64.ActiveCfg = Debug|x64
		{76AD7A7E-28D4-4A4E-8FCD-B5E7429DD3C5}.Debug|x64.Build.0 = Debug|x64
		{76AD7A7E-28D4-4A4E-8FCD-B5E7429DD3C5}.Debug|x86.ActiveCfg = Debug|Win32
		{76AD7A7E-28D4-4A4E-8FCD-B5E7429DD3C5}.Debug|x86.Build.0 = Debug|Win32
		{76AD7A7E-28D4-4A4E-8FCD-B5E7429DD3C5}.Release|x64.ActiveCfg = Release|x64
		{76AD7A7E-28D4-4A4E-8FCD-B5E7429DD3C5}.Release|x64.Build.0 = Release|x64
		{76AD7A7E-28D4-4A4E-8FCD-B5E7429DD3C5}.Release|x86.ActiveCfg = Release|Win32
		{76AD7A7E-28D4-4A4E-8FCD-B5E7429DD3C5}.Release|x86.Build.0 = Release|Win32
		{D2E86721-1715-4193-B019-C74B34795088}.Debug|x64.ActiveCfg = Debug|x64
		{D2E86721-1715-4193-B019-C74B34795088}.Debug|x64.Build.0 = Debug|x64
		{D2E86721-1715-4193-B019-C74B34795088}.Debug|x86.ActiveCfg = Debug|Win32
		{D2E86721-1715-4193-B019-C74B34795088}.Debug|x86.Build.0 = Debug|Win32
		{D2E86721-1715-4193-B019-C74B34795088}.Release|x64.ActiveCfg = Release|x64
		{D2E86721-1715-4193-B019-C74B34795088}.Release|x64.Build.0 = Release|x64
		{D2E86721-1715-4193-B019-C74B34795088}.Release|x86.ActiveCfg = Release|Win32
		{D2E86721-1715-4193-B019-C74B34795088}.Release|x86.Build.0 = Release|Win32
		{49320EA8-1F67-4DC4-8AE0-764E0FBA1151}.Debug|x64.ActiveCfg = Debug|x64
		{49320EA8-1F67-4DC4-8AE0-764E0FBA1151}.Debug|x64.Build.0 = Debug|x64
		{49320EA8-1F67-4DC4-8AE0-764E0FBA1151}.Debug|x86.ActiveCfg = Debug|Win32
		{49320EA8-1F67-4DC4-8AE0-764E0FBA1151}.Debug|x86.Build.0 = Debug|Win32
		{49320EA8-1F67-4DC4-8AE0-764E0FBA1151}.Release|x64.ActiveCfg = Release|x64
		{49320EA8-1F67-4DC4-8AE0-764E0FBA1151}.Release|x64.Build.0 = Release|x64
		{49320EA8-1F67-4DC4-8AE0-764E0FBA1151}.Release|x86.ActiveCfg = Release|Win32
		{49320EA8-1F67-4DC4-8AE0-764E0FBA1151}.Release|x86.Build.0 = Release|Win32
		{760843C7-85B1-4949-A4D2-CEF87E63B94F}.Debug|x64.ActiveCfg = Debug|x64
		{760843C7-85B1-4949-A4D2-CEF87E63B94F}.Debug|x64.Build.0 = Debug|x64
		{760843C7-85B1-4949-A4D2-CEF87E63B94F}.Debug|x86.ActiveCfg = Debug|Win32
		{760843C7-85B1-4949-A4D2-CEF87E63B94F}.Debug|x86.Build.0 = Debug|Win32
		{760843C7-85B1-4949-A4D2-CEF87E63B94F}.Release|x64.ActiveCfg = Release|x64
		{760843C7-85B1-4949-A4D2-CEF87E63B94F}.Release|x64.Build.0 = Release|x64
		{760843C7-85B1-4949-A4D2-CEF87E63B94F}.Release|x86.ActiveCfg = Release|Win32
		{760843C7-85B1-4949-A4D2-CEF87E63B94F}.Release|x86.Build.0 = Release|Win32
		{0351B1DB-EF5F-4D76-8EE1-941631233B32}.Debug|x64.ActiveCfg = Debug|x64
		{0351B1DB-EF5F-4D76-8EE1-941631233B32}.Debug|x64.Build.0 = Debug|x64
		{0351B1DB-EF5F-4D76-8EE1-941631233B32}.Debug|x86.ActiveCfg = Debug|Win32
		{0351B1DB-EF5F-4D76-8EE1-941631233B32}.Debug|x86.Build.0 = Debug|Win32
		{0351B1DB-EF5F-4D76-8EE1-941631233B32}.Release|x64.ActiveCfg = Release|x64
		{0351B1DB-EF5F-4D76-8EE1-941631233B32}.Release|x64.Build.0 = Release|x64
		{0351B1DB-EF5F-4D76-8EE1-941631233B32}.Release|x86.ActiveCfg = Release|Win32
		{0351B1DB-EF5F-4D76-8EE1-941631233B32}.Release|x86.Build.0 = Release|Win32
		{96064B4D-3022-48D0-A108-9BF4D24918DB}.Debug|x64.ActiveCfg = Debug|x64
		{96064B4D-3022-48D0-A108-9BF4D24918DB}.Debug|x64.Build.0 = Debug|x64
		{96064B4D-3022-48D0-A108-9BF4D24918DB}.Debug|x86.ActiveCfg = Debug|Win32
		{96064B4D-3022-48D0-A108-9BF4D24918DB}.Debug|x86.Build.0 = Debug|Win32
		{96064B4D-3022-48D0-A108-9BF4D24918DB}.Release|x64.ActiveCfg = Release|x64
		{96064B4D-3022-48D0-A108-9BF4D24918DB}.Release|x64.Build.0 = Release|x64
		{96064B4D-3022-48D0-A108-9BF4D24918DB}.Release|x86.ActiveCfg = Release|Win32
		{96064B4D-3022-48D0-A108-9BF4D24918DB}.Release|x86.Build.0 = Release|Win32
		{ACF3E7BC-6F74-4C6A-A937-EECA10D38FF6}.Debug|x64.ActiveCfg = Debug|x64
		{ACF3E7BC-6F74-4C6A-A937-EECA10D38FF6}.Debug|x64.Build.0 = Debug|x64
		{ACF3E7BC-6F74-4C6A-A937-EECA10D38FF6}.Debug|x86.ActiveCfg = Debug|Win32
		{ACF3E7BC-6F74-4C6A-A937-EECA10D38FF6}.Debug|x86.Build.0 = Debug|Win32
		{ACF3E7BC-6F74-4C6A-A937-EECA10D38FF6}.Release|x64.ActiveCfg = Release|x64
		{ACF3E7BC-6F74-4C6A-A937-EECA10D38FF6}.Release|x64.Build.0 = Release|x64
		{ACF3E7BC-6F74-4C6A-A937-EECA10D38FF6}.Release|x86.ActiveCfg = Release|Win32
		{ACF3E7BC-6F74-4C6A-A937-EECA10D38FF6}.Release|x86.Build.0 = Release|Win32
		{1D076465-9116-48DC-ABB9-EA11929D980A}.Debug|x64.ActiveCfg = Debug|x64
		{1D076465-9116-48DC-ABB9-EA11929D980A}.Debug|x64.Build.0 = Debug|x64
		{1D076465-9116-48DC-ABB9-EA11929D980A}.Debug|x86.ActiveCfg = Debug|Win32
		{1D076465-9116-48DC-ABB9-EA11929D980A}.Debug|x86.Build.0 = Debug|Win32
		{1D076465-9116-48DC-ABB9-EA11929D980A}.Release|x64.ActiveCfg = Release|x64
		{1D076465-9116-48DC-ABB9-EA11929D980A}.Release|x64.Build.0 = Release|x64
		{1D076465-9116-48DC-ABB9-EA11929D980A}.Release|x86.ActiveCfg = Release|Win32
		{1D076465-9116-48DC-ABB9-EA11929D980A}.Release|x86.Build.0 = Release|Win32
		{67AF52FF-5BC4-4CBC-A3AC-54807634DE91}.Debug|x64.ActiveCfg = Debug|x64
		{67AF52FF-5BC4-4CBC-A3AC-54807634DE91}.Debug|x64.Build.0 = Debug|x64
		{67AF52FF-5BC4-4CBC-A3AC-54807634DE91}.Debug|x86.ActiveCfg = Debug|Win32
		{67AF52FF-5BC4-4CBC-A3AC-54807634DE91}.Debug|x86.Build.0 = Debug|Win32
		{67AF52FF-5BC4-4CBC-A3AC-54807634DE91}.Release|x64.ActiveCfg = Release|x64
		{67AF52FF-5BC4-4CBC-A3AC-54807634DE91}.Release|x64.Build.0 = Release|x64
		{67AF52FF-5BC4-4CBC-A3AC-54807634DE91}.Release|x86.ActiveCfg = Release|Win32
		{67AF52FF-5BC4-4CBC-A3AC-54807634DE91}.Release|x86.Build.0 = Release|Win32
		{C7AFCD15-AEF5-4101-B5C2-565079686510}.Debug|x64.ActiveCfg = Debug|x64
		{C7AFCD15-AEF5-4101-B5C2-565079686510}.Debug|x64.Build.0 = Debug|x64
		{C7AFCD15-AEF5-4101-B5C2-565079686510}.Debug|x86.ActiveCfg = Debug|Win32
		{C7AFCD15-AEF5-4101-B5C2-565079686510}.Debug|x86.Build.0 = Debug|Win32
		{C7AFCD15-AEF5-4101-B5C2-565079686510}.Release|x64.ActiveCfg = Release|x64
		{C7AFCD15-AEF5-4101-B5C2-565079686510}.Release|x64.Build.0 = Release|x64
		{C7AFCD15-AEF5-4101-B5C2-565079686510}.Release|x86.ActiveCfg = Release|Win32
		{C7AFCD15-AEF5-4101-B5C2-565079686510}.Release|x86.Build.0 = Release|Win32
		{D601D1EE-BDAA-4B39-8256-CFCA40D36A51}.Debug|x64.ActiveCfg = Debug|x64
		{D601D1EE-BDAA-4B39-8256-CFCA40D36A51}.Debug|x64.Build.0 = Debug|x64
		{D601D1EE-BDAA-4B39-8256-CFCA40D36A51}.Debug|x86.ActiveCfg = Debug|Win32
		{D601D1EE-BDAA-4B39-8256-CFCA40D36A51}.Debug|x86.Build.0 = Debug|Win32
		{D601D1EE-BDAA-4B39-8256-CFCA40D36A51}.Release|x64.ActiveCfg = Release|x64
		{D601D1EE-BDAA-4B39-8256-CFCA40D36A51}.Release|x64.Build.0 = Release|x64
		{D601D1EE-BDAA-4B39-8256-CFCA40D36A51}.Release|x86.ActiveCfg = Release|Win32
		{D601D1EE-BDAA-4B39-8256-CFCA40D36A51}.Release|x86.Build.0 = Release|Win32
		{EAD5A144-37D0-49C6-A31B-DCB74A6B0BE1}.Debug|x64.ActiveCfg = Debug|x64
		{EAD5A144-37D0-49C6-A31B-DCB74A6B0BE1}.Debug|x64.Build.0 = Debug|x64
		{EAD5A144-37D0-49C6-A31B-DCB74A6B0BE1}.Debug|x86.ActiveCfg = Debug|Win32
		{EAD5A144-37D0-49C6-A31B-DCB74A6B0BE1}.Debug|x86.Build.0 = Debug|Win32
		{EAD5A144-37D0-49C6-A31B-DCB74A6B0BE1}.Release|x64.ActiveCfg = Release|x64
		{EAD5A144-37D0-49C6-A31B-DCB74A6B0BE1}.Release|x64.Build.0 = Release|x64
		{EAD5A144-37D0-49C6-A31B-DCB74A6B0BE1}.Release|x86.ActiveCfg = Release|Win32
		{EAD5A144-37D0-49C6-A31B-DCB74A6B0BE1}.Release|x86.Build.0 = Release|Win32
		{0CDE2A4A-6310-4E40-ABD1-69D0AB446438}.Debug|x64.ActiveCfg = Debug|x64
		{0CDE2A4A-6310-4E40-ABD1-69D0AB446438}.Debug|x64.Build.0 = Debug|x64
		{0CDE2A4A-6310-4E40-ABD1-69D0AB446438}.Debug|x86.ActiveCfg = Debug|Win32
		{0CDE2A4A-6310-4E40-ABD1-69D0AB446438}.Debug|x86.Build.0 = Debug|Win32
		{0CDE2A4A-6310-4E40-ABD1-69D0AB446438}.Release|x64.ActiveCfg = Release|x64
		{0CDE2A4A-6310-4E40-ABD1-69D0AB446438}.Release|x64.Build.0 = Release|x64
		{0CDE2A4A-6310-4E40-ABD1-69D0AB446438}.Release|x86.ActiveCfg = Release|Win32
		{0CDE2A4A-6310-4E40-ABD1-69D0AB446438}.Release|x86.Build.0 = Release|Win32
		{B2A32BC0-9E05-4BF8-BB8E-295DB1EEDF7A}.Debug|x64.ActiveCfg = Debug|x64
		{B2A32BC0-9E05-4BF8-BB8E-295DB1EEDF7A}.Debug|x64.Build.0 = Debug|x64
		{B2A32BC0-9E05-4BF8-BB8E-295DB1EEDF7A}.Debug|x86.ActiveCfg = Debug|Win32
		{B2A32BC0-9E05-4BF8-BB8E-295DB1EEDF7A}.Debug|x86.Build.0 = Debug|Win32
		{B2A32BC0-9E05-4BF8-BB8E-295DB1EEDF7A}.Release|x64.ActiveCfg = Release|x64
		{B2A32BC0-9E05-4BF8-BB8E-295DB1EEDF7A}.Release|x64.Build.0 = Release|x64
		{B2A32BC0-9E05-4BF8-BB8E-295DB1EEDF7A}.Release|x86.ActiveCfg = Release|Win32
		{B2A32BC0-9E05-4BF8-BB8E-295DB1EEDF7A}.Release|x86.Build.0 = Release|Win32
		{5DFC5A03-C181-4D1C-98EB-FBC32DA3FE2A}.Debug|x64.ActiveCfg = Debug|x64
		{5DFC5A03-C181-4D1C-98EB-FBC32DA3FE2A}.Debug|x64.Build.0 = Debug|x64
		{5DFC5A03-C181-4D1C-98EB-FBC32DA3FE2A}.Debug|x86.ActiveCfg = Debug|Win32
		{5DFC5A03-C181-4D1C-98EB-FBC32DA3FE2A}.Debug|x86.Build.0 = Debug|Win32
		{5DFC5A03-C181-4D1C-98EB-FBC32DA3FE2A}.Release|x64.ActiveCfg = Release|x64
		{5DFC5A03-C181-4D1C-98EB-FBC32DA3FE2A}.Release|x64.Build.0 = Release|x64
		{5DFC5A03-C181-4D1C-98EB-FBC32DA3FE2A}.Release|x86.ActiveCfg = Release|Win32
		{5DFC5A03-C181-4D1C-98EB-FBC32DA3FE2A}.Release|x86.Build.0 = Release|Win32
		{FE5B8CE2-361F-475C-825F-D4005942E23E}.Debug|x64.ActiveCfg = Debug|x64
		{FE5B8CE2-361F-475C-825F-D4005942E23E}.Debug|x64.Build.0 = Debug|x64
		{FE5B8CE2-361F-475C-825F-D4005942E23E}.Debug|x86.ActiveCfg = Debug|Win32
		{FE5B8CE2-361F-475C-825F-D4005942E23E}.Debug|x86.Build.0 = Debug|Win32
		{FE5B8CE2-361F-475C-825F-D4005942E23E}.Release|x64.ActiveCfg = Release|x64
		{FE5B8CE2-361F-475C-825F-D4005942E23E}.Release|x64.Build.0 = Release|x64
		{FE5B8CE2-361F-475C-825F-D4005942E23E}.Release|x86.ActiveCfg = Release|Win32
		{FE5B8CE2-361F-475C-825F-D4005942E23E}.Release|x86.Build.0 = Release|Win32
		{9E0BC78D-6CEF-4AFB-98D3-89B822A74850}.Debug|x64.ActiveCfg = Debug|x64
		{9E0BC78D-6CEF-4AFB-98D3-89B822A74850}.Debug|x64.Build.0 = Debug|x64
		{9E0BC78D-6CEF-4AFB-98D3-89B822A74850}.Debug|x86.ActiveCfg = Debug|Win32
		{9E0BC78D-6CEF-4AFB-98D3-89B822A74850}.Debug|x86.Build.0 = Debug|Win32
		{9E0BC78D-6CEF-4AFB-98D3-89B822A74850}.Release|x64.ActiveCfg = Release|x64
		{9E0BC78D-6CEF-4AFB-98D3-89B822A74850}.Release|x64.Build.0 = Release|x64
		{9E0BC78D-6CEF-4AFB-98D3-89B822A74850}.Release|x86.ActiveCfg = Release|Win32
		{9E0BC78D-6CEF-4AFB-98D3-89B822A74850}.Release|x86.Build.0 = Release|Win32
		{F1A066B5-4A5B-4C5F-8460-13DEE00C3D95}.Debug|x64.ActiveCfg = Debug|x64
		{F1A066B5-4A5B-4C5F-8460-13DEE00C3D95}.Debug|x64.Build.0 = Debug|x64
		{F1A066B5-4A5B-4C5F-8460-13DEE00C3D95}.Debug|x86.ActiveCfg = Debug|Win32
		{F1A066B5-4A5B-4C5F-8460-13DEE00C3D95}.Debug|x86.Build.0 = Debug|Win32
		{F1A066B5-4A5B-4C5F-8460-13DEE00C3D95}.Release|x64.ActiveCfg = Release|x64
		{F1A066B5-4A5B-4C5F-8460-13DEE00C3D95}.Release|x64.Build.0 = Release|x64
		{F1A066B5-4A5B-4C5F-8460-13DEE00C3D95}.Release|x86.ActiveCfg = Release|Win32
		{F1A066B5-4A5B-4C5F-8460-13DEE00C3D95}.Release|x86.Build.0 = Release|Win32
		{3FBF0573-F77B-4891-A45B-31596AE70E3B}.Debug|x64.ActiveCfg = Debug|x64
		{3FBF0573-F77B-4891-A45B-31596AE70E3B}.Debug|x64.Build.0 = Debug|x64
		{3FBF0573-F77B-4891-A45B-31596AE70E3B}.Debug|x86.ActiveCfg = Debug|Win32
		{3FBF0573-F77B-4891-A45B-31596AE70E3B}.Debug|x86.Build.0 = Debug|Win32
		{3FBF0573-F77B-4891-A45B-31596AE70E3B}.Release|x64.ActiveCfg = Release|x64
		{3FBF0573-F77B-4891-A45B-31596AE70E3B}.Release|x64.Build.0 = Release|x64
		{3FBF0573-F77B-4891-A45B-31596AE70E3B}.Release|x86.ActiveCfg = Release|Win32
		{3FBF0573-F77B-4891-A45B-31596AE70E3B}.Release|x86.Build.0 = Release|Win32
		{EFE820FF-868F-4DC3-B34F-1318B7BB149C}.Debug|x64.ActiveCfg = Debug|x64
		{EFE820FF-868F-4DC3-B34F-1318B7BB149C}.Debug|x64.Build.0 = Debug|x64
		{EFE820FF-868F-4DC3-B34F-1318B7BB149C}.Debug|x86.ActiveCfg = Debug|Win32
		{EFE820FF-868F-4DC3-B34F-1318B7BB149C}.Debug|x86.Build.0 = Debug|Win32
		{EFE820FF-868F-4DC3-B34F-1318B7BB149C}.Release|x64.ActiveCfg = Release|x64
		{EFE820FF-868F-4DC3-B34F-1318B7BB149C}.Release|x64.Build.0 = Release|x64
		{EFE820FF-868F-4DC3-B34F-1318B7BB149C}.Release|x86.ActiveCfg = Release|Win32
		{EFE820FF-868F-4DC3-B34F-1318B7BB149C}.Release|x86.Build.0 = Release|Win32
		{F7ED3B56-1912-460F-A376-BA1B56CB524D}.Debug|x64.ActiveCfg = Debug|x64
		{F7ED3B56-1912-460F-A376-BA1B56CB524D}.Debug|x64.Build.0 = Debug|x64
		{F7ED3B56-1912-460F-A376-BA1B56CB524D}.Debug|x86.ActiveCfg = Debug|Win32
		{F7ED3B56-1912-460F-A376-BA1B56CB524D}.Debug|x86.Build.0 = Debug|Win32
		{F7ED3B56-1912-460F-A376-BA1B56CB524D}.Release|x64.ActiveCfg = Release|x64
		{F7ED3B56-1912-460F-A376-BA1B56CB524D}.Release|x64.Build.0 = Release|x64
		{F7ED3B56-1912-460F-A376-BA1B56CB524D}.Release|x86.ActiveCfg = Release|Win32
		{F7ED3B56-1912-460F-A376-BA1B56CB524D}.Release|x86.Build.0 = Release|Win32
		{80008FFA-43B4-4DE5-AD46-FF1044BBD00D}.Debug|x64.ActiveCfg = Debug|x64
		{80008FFA-43B4-4DE5-AD46-FF1044BBD00D}.Debug|x64.Build.0 = Debug|x64
		{80008FFA-43B4-4DE5-AD46-FF1044BBD00D}.Debug|x86.ActiveCfg = Debug|Win32
		{80008FFA-43B4-4DE5-AD46-FF1044BBD00D}.Debug|x86.Build.0 = Debug|Win32
		{80008FFA-43B4-4DE5-AD46-FF1044BBD00D}.Release|x64.ActiveCfg = Release|x64
		{80008FFA-43B4-4DE5-AD46-FF1044BBD00D}.Release|x64.Build.0 = Release|x64
		{80008FFA-43B4-4DE5-AD46-FF1044BBD00D}.Release|x86.ActiveCfg = Release|Win32
		{80008FFA-43B4-4DE5-AD46-FF1044BBD00D}.Release|x86.Build.0 = Release|Win32
		{E9F26355-5304-4562-A2F3-6C1595D6D173}.Debug|x64.ActiveCfg = Debug|x64
		{E9F26355-5304-4562-A2F3-6C1595D6D173}.Debug|x64.Build.0 = Debug|x64
		{E9F26355-5304-4562-A2F3-6C1595D6D173}.Debug|x86.ActiveCfg = Debug|Win32
		{E9F26355-5304-4562-A2F3-6C1595D6D173}.Debug|x86.Build.0 = Debug|Win32
		{E9F26355-5304-4562-A2F3-6C1595D6D173}.Release|x64.ActiveCfg = Release|x64
		{E9F26355-5304-4562-A2F3-6C1595D6D173}.Release|x64.Build.0 = Release|x64
		{E9F26355-5304-4562-A2F3-6C1595D6D173}.Release|x86.ActiveCfg = Release|Win32
		{E9F26355-5304-4562-A2F3-6C1595D6D173}.Release|x86.Build.0 = Release|Win32
		{A2B7C235-05B9-4766-8AB9-97F2F40B6028}.Debug|x64.ActiveCfg = Debug|x64
		{A2B7C235-05B9-4766-8AB9-97F2F40B6028}.Debug|x64.Build.0 = Debug|x64
		{A2B7C235-05B9-4766-8AB9-97F2F40B6028}.Debug|x86.ActiveCfg = Debug|Win32
		{A2B7C235-05B9-4766-8AB9-97F2F40B6028}.Debug|x86.Build.0 = Debug|Win32
		{A2B7C235-05B9-4766-8AB9-97F2F40B6028}.Release|x64.ActiveCfg = Release|x64
		{A2B7C235-05B9-4766-8AB9-97F2F40B6028}.Release|x64.Build.0 = Release|x64
		{A2B7C235-05B9-4766-8AB9-97F2F40B6028}.Release|x86.ActiveCfg = Release|Win32
		{A2B7C235-05B9-4766-8AB9-97F2F40B6028}.Release|x86.Build.0 = Release|Win32
		{0A9002F0-2A84-4EC9-8B65-AC69663C342B}.Debug|x64.ActiveCfg = Debug|x64
		{0A9002F0-2A84-4EC9-8B65-AC69663C342B}.Debug|x64.Build.0 = Debug|x64
		{0A9002F0-2A84-4EC9-8B65-AC69663C342B}.Debug|x86.ActiveCfg = Debug|Win32
		{0A9002F0-2A84-4EC9-8B65-AC69663C342B}.Debug|x86.Build.0 = Debug|Win32
		{0A9002F0-2A84-4EC9-8B65-AC69663C342B}.Release|x64.ActiveCfg = Release|x64
		{0A9002F0-2A84-4EC9-8B65-AC69663C342B}.Release|x64.Build.0 = Release|x64
		{0A9002F0-2A84-4EC9-8B65-AC69663C342B}.Release|x86.ActiveCfg = Release|Win32
		{0A9002F0-2A84-4EC9-8B65-AC69663C342B}.Release|x86.Build.0 = Release|Win32
		{E3A81C78-D4A6-4CDB-A38A-94D9616564E5}.Debug|x64.ActiveCfg = Debug|x64
		{E3A81C78-D4A6-4CDB-A38A-94D9616564E5}.Debug|x64.Build.0 = Debug|x64
		{E3A81C78-D4A6-4CDB-A38A-94D9616564E5}.Debug|x86.ActiveCfg = Debug|Win32
		{E3A81C78-D4A6-4CDB-A38A-94D9616564E5}.Debug|x86.Build.0 = Debug|Win32
		{E3A81C78-D4A6-4CDB-A38A-94D9616564E5}.Release|x64.ActiveCfg = Release|x64
		{E3A81C78-D4A6-4CDB-A38A-94D9616564E5}.Release|x64.Build.0 = Release|x64
		{E3A81C78-D4A6-4CDB-A38A-94D9616564E5}.Release|x86.ActiveCfg = Release|Win32
		{E3A81C78-D4A6-4CDB-A38A-94D9616564E5}.Release|x86.Build.0 = Release|Win32
		{EE9CA6D4-2AFE-4A49-82F1-611B6F59E1A9}.Debug|x64.ActiveCfg = Debug|x64
		{EE9CA6D4-2AFE-4A49-82F1-611B6F59E1A9}.Debug|x64.Build.0 = Debug|x64
		{EE9CA6D4-2AFE-4A49-82F1-611B6F59E1A9}.Debug|x86.ActiveCfg = Debug|Win32
		{EE9CA6D4-2AFE-4A49-82F1-611B6F59E1A9}.Debug|x86.Build.0 = Debug|Win32
		{EE9CA6D4-2AFE-4A49-82F1-611B6F59E1A9}.Release|x64.ActiveCfg = Release|x64
		{EE9CA6D4-2AFE-4A49-82F1-611B6F59E1A9}.Release|x64.Build.0 = Release|x64
		{EE9CA6D4-2AFE-4A49-82F1-611B6F59E1A9}.Release|x86.ActiveCfg = Release|Win32
		{EE9CA6D4-2AFE-4A49-82F1-611B6F59E1A9}.Release|x86.Build.0 = Release|Win32
		{03A5D61C-8359-4B57-B5F2-F0B0A3E49C62}.Debug|x64.ActiveCfg = Debug|x64
		{03A5D61C-8359-4B57-B5F2-F0B0A3E49C62}.Debug|x64.Build.0 = Debug|x64
		{03A5D61C-8359-4B57-B5F2-F0B0A3E49C62}.Debug|x86.ActiveCfg = Debug|Win32
		{03A5D61C-8359-4B57-B5F2-F0B0A3E49C62}.Debug|x86.Build.0 = Debug|Win32
		{03A5D61C-8359-4B57-B5F2-F0B0A3E49C62}.Release|x64.ActiveCfg = Release|x64
		{03A5D61C-8359-4B57-B5F2-F0B0A3E49C62}.Release|x64.Build.0 = Release|x64
		{03A5D61C-8359-4B57-B5F2-F0B0A3E49C62}.Release|x86.ActiveCfg = Release|Win32
		{03A5D61C-8359-4B57-B5F2-F0B0A3E49C62}.Release|x86.Build.0 = Release|Win32
		{690FFDE0-F6A1-4C49-A93B-0FF407D755DF}.Debug|x64.ActiveCfg = Debug|x64
		{690FFDE0-F6A1-4C49-A93B-0FF407D755DF}.Debug|x64.Build.0 = Debug|x64
		{690FFDE0-F6A1-4C49-A93B-0FF407D755DF}.Debug|x86.ActiveCfg = Debug|Win32
		{690FFDE0-F6A1-4C49-A93B-0FF407D755DF}.Debug|x86.Build.0 = Debug|Win32
		{690FFDE0-F6A1-4C49-A93B-0FF407D755DF}.Release|x64.ActiveCfg = Release|x64
		{690FFDE0-F6A1-4C49-A93B-0FF407D755DF}.Release|x64.Build.0 = Release|x64
		{690FFDE0-F6A1-4C49-A93B-0FF407D755DF}.Release|x86.ActiveCfg = Release|Win32
		{690FFDE0-F6A1-4C49-A93B-0FF407D755DF}.Release|x86.Build.0 = Release|Win32
		{9597E70B-C7CF-40D2-9565-C9D91114D386}.Debug|x64.ActiveCfg = Debug|x64
		{9597E70B-C7CF-40D2-9565-C9D91114D386}.Debug|x64.Build.0 = Debug|x64
		{9597E70B-C7CF-40D2-9565-C9D91114D386}.Debug|x86.ActiveCfg = Debug|Win32
		{9597E70B-C7CF-40D2-9565-C9D91114D386}.Debug|x86.Build.0 = Debug|Win32
		{9597E70B-C7CF-40D2-9565-C9D91114D386}.Release|x64.ActiveCfg = Release|x64
		{9597E70B-C7CF-40D2-9565-C9D91114D386}.Release|x64.Build.0 = Release|x64
		{9597E70B-C7CF-40D2-9565-C9D91114D386}.Release|x86.ActiveCfg = Release|Win32
		{9597E70B-C7CF-40D2-9565-C9D91114D386}.Release|x86.Build.0 = Release|Win32
		{73CB195E-3D1D-4292-AEA3-3684651CC25A}.Debug|x64.ActiveCfg = Debug|x64
		{73CB195E-3D1D-4292-AEA3-3684651CC25A}.Debug|x64.Build.0 = Debug|x64
		{73CB195E-3D1D-4292-AEA3-3684651CC25A}.Debug|x86.ActiveCfg = Debug|Win32
		{73CB195E-3D1D-4292-AEA3-3684651CC25A}.Debug|x86.Build.0 = Debug|Win32
		{73CB195E-3D1D-4292-AEA3-3684651CC25A}.Release|x64.ActiveCfg = Release|x64
		{73CB195E-3D1D-4292-AEA3-3684651CC25A}.Release|x64.Build.0 = Release|x64
		{73CB195E-3D1D-4292-AEA3-3684651CC25A}.Release|x86.ActiveCfg = Release|Win32
		{73CB195E-3D1D-4292-AEA3-3684651CC25A}.Release|x86.Build.0 = Release|Win32
		{9443B535-B895-4199-A0E4-75A178648C04}.Debug|x64.ActiveCfg = Debug|x64
		{9443B535-B895-4199-A0E4-75A178648C04}.Debug|x64.Build.0 = Debug|x64
		{9443B535-B895-4199-A0E4-75A178648C04}.Debug|x86.ActiveCfg = Debug|Win32
		{9443B535-B895-4199-A0E4-75A178648C04}.Debug|x86.Build.0 = Debug|Win32
		{9443B535-B895-4199-A0E4-75A178648C04}.Release|x64.ActiveCfg = Release|x64
		{9443B535-B895-4199-A0E4-75A178648C04}.Release|x64.Build.0 = Release|x64
		{9443B535-B895-4199-A0E4-75A178648C04}.Release|x86.ActiveCfg = Release|Win32
		{9443B535-B895-4199-A0E4-75A178648C04}.Release|x86.Build.0 = Release|Win32
		{49542230-B9EA-4484-B137-5878C3A14E9F}.Debug|x64.ActiveCfg = Debug|x64
		{49542230-B9EA-4484-B137-5878C3A14E9F}.Debug|x64.Build.0 = Debug|x64
		{49542230-B9EA-4484-B137-5878C3A14E9F}.Debug|x86.ActiveCfg = Debug|Win32
		{49542230-B9EA-4484-B137-5878C3A14E9F}.Debug|x86.Build.0 = Debug|Win32
		{49542230-B9EA-4484-B137-5878C3A14E9F}.Release|x64.ActiveCfg = Release|x64
		{49542230-B9EA-4484-B137-5878C3A14E9F}.Release|x64.Build.0 = Release|x64
		{49542230-B9EA-4484-B137-5878C3A14E9F}.Release|x86.ActiveCfg = Release|Win32
		{49542230-B9EA-4484-B137-5878C3A14E9F}.Release|x86.Build.0 = Release|Win32
		{FD15A9B8-273F-48DC-B874-C8AFB90B1704}.Debug|x64.ActiveCfg = Debug|x64
		{FD15A9B8-273F-48DC-B874-C8AFB90B1704}.Debug|x64.Build.0 = Debug|x64
		{FD15A9B8-273F-48DC-B874-C8AFB90B1704}.Debug|x86.ActiveCfg = Debug|Win32
		{FD15A9B8-273F-48DC-B874-C8AFB90B1704}.Debug|x86.Build.0 = Debug|Win32
		{FD15A9B8-273F-48DC-B874-C8AFB90B1704}.Release|x64.ActiveCfg = Release|x64
		{FD15A9B8-273F-48DC-B874-C8AFB90B1704}.Release|x64.Build.0 = Release|x64
		{FD15A9B8-273F-48DC-B874-C8AFB90B1704}.Release|x86.ActiveCfg = Release|Win32
		{FD15A9B8-273F-48DC-B874-C8AFB90B1704}.Release|x86.Build.0 = Release|Win32
		{B27A5612-5424-4359-9FE8-5186858BCD7E}.Debug|x64.ActiveCfg = Debug|x64
		{B27A5612-5424-4359-9FE8-5186858BCD7E}.Debug|x64.Build.0 = Debug|x64
		{B27A5612-5424-4359-9FE8-5186858BCD7E}.Debug|x86.ActiveCfg = Debug|Win32
		{B27A5612-5424-4359-9FE8-5186858BCD7E}.Debug|x86.Build.0 = Debug|Win32
		{B27A5612-5424-4359-9FE8-5186858BCD7E}.Release|x64.ActiveCfg = Release|x64
		{B27A5612-5424-4359-9FE8-5186858BCD7E}.Release|x64.Build.0 = Release|x64
		{B27A5612-5424-4359-9FE8-5186858BCD7E}.Release|x86.ActiveCfg = Release|Win32
		{B27A5612-5424-4359-9FE8-5186858BCD7E}.Release|x86.Build.0 = Release|Win32
		{993CA006-90E7-4468-B682-CCCA3A2CECEE}.Debug|x64.ActiveCfg = Debug|x64
		{993CA006-90E7-4468-B682-CCCA3A2CECEE}.Debug|x64.Build.0 = Debug|x64
		{993CA006-90E7-4468-B682-CCCA3A2CECEE}.Debug|x86.ActiveCfg = Debug|Win32
		{993CA006-90E7-4468-B682-CCCA3A2CECEE}.Debug|x86.Build.0 = Debug|Win32
		{993CA006-90E7-4468-B682-CCCA3A2CECEE}.Release|x64.ActiveCfg = Release|x64
		{993CA006-90E7-4468-B682-CCCA3A2CECEE}.Release|x64.Build.0 = Release|x64
		{993CA006-90E7-4468-B682-CCCA3A2CECEE}.Release|x86.ActiveCfg = Release|Win32
		{993CA006-90E7-4468-B682-CCCA3A2CECEE}.Release|x86.Build.0 = Release|Win32
		{769F3C8F-3F08-4DBF-939B-0D0E12A161F1}.Debug|x64.ActiveCfg = Debug|x64
		{769F3C8F-3F08-4DBF-939B-0D0E12A161F1}.Debug|x64.Build.0 = Debug|x64
		{769F3C8F-3F08-4DBF-939B-0D0E12A161F1}.Debug|x86.ActiveCfg = Debug|Win32
		{769F3C8F-3F08-4DBF-939B-0D0E12A161F1}.Debug|x86.Build.0 = Debug|Win32
		{769F3C8F-3F08-4DBF-939B-0D0E12A161F1}.Release|x64.ActiveCfg = Release|x64
		{769F3C8F-3F08-4DBF-939B-0D0E12A161F1}.Release|x64.Build.0 = Release|x64
		{769F3C8F-3F08-4DBF-939B-0D0E12A161F1}.Release|x86.ActiveCfg = Release|Win32
		{769F3C8F-3F08-4DBF-939B-0D0E12A161F1}.Release|x86.Build.0 = Release|Win32
	EndGlobalSection
	GlobalSection(SolutionProperties) = preSolution
		HideSolutionNode = FALSE
	EndGlobalSection
	GlobalSection(ExtensibilityGlobals) = postSolution
		SolutionGuid = {637A1F77-2EF3-4FC5-A8F8-728C43EA5A67}
	EndGlobalSection
EndGlobal
